
Microsoft Visual Studio Solution File, Format Version 12.00
# Visual Studio Version 17
VisualStudioVersion = 17.2.32630.192
MinimumVisualStudioVersion = 10.0.40219.1
Project("{9A19103F-16F7-4668-BE54-9A1E7A4F7556}") = "exercicio2", "exercicio1\exercicio2.csproj", "{96440132-F6C2-4EAE-95FF-204C9D7BB696}"
EndProject
Global
	GlobalSection(SolutionConfigurationPlatforms) = preSolution
		Debug|Any CPU = Debug|Any CPU
		Release|Any CPU = Release|Any CPU
	EndGlobalSection
	GlobalSection(ProjectConfigurationPlatforms) = postSolution
		{96440132-F6C2-4EAE-95FF-204C9D7BB696}.Debug|Any CPU.ActiveCfg = Debug|Any CPU
		{96440132-F6C2-4EAE-95FF-204C9D7BB696}.Debug|Any CPU.Build.0 = Debug|Any CPU
		{96440132-F6C2-4EAE-95FF-204C9D7BB696}.Release|Any CPU.ActiveCfg = Release|Any CPU
		{96440132-F6C2-4EAE-95FF-204C9D7BB696}.Release|Any CPU.Build.0 = Release|Any CPU
	EndGlobalSection
	GlobalSection(SolutionProperties) = preSolution
		HideSolutionNode = FALSE
	EndGlobalSection
	GlobalSection(ExtensibilityGlobals) = postSolution
		SolutionGuid = {1B0167B4-0348-4111-8AB5-A7CBB15F7E56}
	EndGlobalSection
EndGlobal
