
Microsoft Visual Studio Solution File, Format Version 12.00
# Visual Studio Version 17
VisualStudioVersion = 17.2.32630.192
MinimumVisualStudioVersion = 10.0.40219.1
Project("{FAE04EC0-301F-11D3-BF4B-00C04F79EFBC}") = "exercicio_6", "exercicio_6\exercicio_6.csproj", "{A8300F72-4A55-4B53-B82A-42399271D16C}"
EndProject
Global
	GlobalSection(SolutionConfigurationPlatforms) = preSolution
		Debug|Any CPU = Debug|Any CPU
		Release|Any CPU = Release|Any CPU
	EndGlobalSection
	GlobalSection(ProjectConfigurationPlatforms) = postSolution
		{A8300F72-4A55-4B53-B82A-42399271D16C}.Debug|Any CPU.ActiveCfg = Debug|Any CPU
		{A8300F72-4A55-4B53-B82A-42399271D16C}.Debug|Any CPU.Build.0 = Debug|Any CPU
		{A8300F72-4A55-4B53-B82A-42399271D16C}.Release|Any CPU.ActiveCfg = Release|Any CPU
		{A8300F72-4A55-4B53-B82A-42399271D16C}.Release|Any CPU.Build.0 = Release|Any CPU
	EndGlobalSection
	GlobalSection(SolutionProperties) = preSolution
		HideSolutionNode = FALSE
	EndGlobalSection
	GlobalSection(ExtensibilityGlobals) = postSolution
		SolutionGuid = {7C20F363-216E-435C-B843-8294EE8FF479}
	EndGlobalSection
EndGlobal
