
Microsoft Visual Studio Solution File, Format Version 12.00
# Visual Studio Version 17
VisualStudioVersion = 17.2.32630.192
MinimumVisualStudioVersion = 10.0.40219.1
Project("{FAE04EC0-301F-11D3-BF4B-00C04F79EFBC}") = "Exercicio8", "Exercicio8\Exercicio8.csproj", "{FD5213DB-217B-4D43-BC81-E2BCFF84F17A}"
EndProject
Global
	GlobalSection(SolutionConfigurationPlatforms) = preSolution
		Debug|Any CPU = Debug|Any CPU
		Release|Any CPU = Release|Any CPU
	EndGlobalSection
	GlobalSection(ProjectConfigurationPlatforms) = postSolution
		{FD5213DB-217B-4D43-BC81-E2BCFF84F17A}.Debug|Any CPU.ActiveCfg = Debug|Any CPU
		{FD5213DB-217B-4D43-BC81-E2BCFF84F17A}.Debug|Any CPU.Build.0 = Debug|Any CPU
		{FD5213DB-217B-4D43-BC81-E2BCFF84F17A}.Release|Any CPU.ActiveCfg = Release|Any CPU
		{FD5213DB-217B-4D43-BC81-E2BCFF84F17A}.Release|Any CPU.Build.0 = Release|Any CPU
	EndGlobalSection
	GlobalSection(SolutionProperties) = preSolution
		HideSolutionNode = FALSE
	EndGlobalSection
	GlobalSection(ExtensibilityGlobals) = postSolution
		SolutionGuid = {D93F9714-7755-4782-82A8-BC3A3A58B2BD}
	EndGlobalSection
EndGlobal
